{
  "name": "playground",
  "lockfileVersion": 2,
  "requires": true,
  "packages": {
    "": {
      "dependencies": {
        "codefaster-dubbo-template": "^0.0.19"
      }
    },
    "node_modules/codefaster-dubbo-template": {
      "version": "0.0.19",
      "resolved": "https://registry.npmjs.org/codefaster-dubbo-template/-/codefaster-dubbo-template-0.0.19.tgz",
      "integrity": "sha512-N4xYRVWJOfeYog4qHzuaf6CePBmbtblFhPPGqU+VtP+klb0HVFv3EM77eCAqsyHyho+h4Hix+tc6KK/0ALWE7Q==",
      "dependencies": {
        "parse-gitignore": "^1.0.1"
      }
    },
    "node_modules/parse-gitignore": {
      "version": "1.0.1",
      "resolved": "https://registry.npmjs.org/parse-gitignore/-/parse-gitignore-1.0.1.tgz",
      "integrity": "sha512-UGyowyjtx26n65kdAMWhm6/3uy5uSrpcuH7tt+QEVudiBoVS+eqHxD5kbi9oWVRwj7sCzXqwuM+rUGw7earl6A==",
      "engines": {
        "node": ">=6"
      }
    }
  },
  "dependencies": {
    "codefaster-dubbo-template": {
      "version": "0.0.19",
      "resolved": "https://registry.npmjs.org/codefaster-dubbo-template/-/codefaster-dubbo-template-0.0.19.tgz",
      "integrity": "sha512-N4xYRVWJOfeYog4qHzuaf6CePBmbtblFhPPGqU+VtP+klb0HVFv3EM77eCAqsyHyho+h4Hix+tc6KK/0ALWE7Q==",
      "requires": {
        "parse-gitignore": "^1.0.1"
      }
    },
    "parse-gitignore": {
      "version": "1.0.1",
      "resolved": "https://registry.npmjs.org/parse-gitignore/-/parse-gitignore-1.0.1.tgz",
      "integrity": "sha512-UGyowyjtx26n65kdAMWhm6/3uy5uSrpcuH7tt+QEVudiBoVS+eqHxD5kbi9oWVRwj7sCzXqwuM+rUGw7earl6A=="
    }
  }
}
